
Microsoft Visual Studio Solution File, Format Version 12.00
# Visual Studio Version 17
VisualStudioVersion = 17.9.34616.47
MinimumVisualStudioVersion = 10.0.40219.1
Project("{FAE04EC0-301F-11D3-BF4B-00C04F79EFBC}") = "BusinessObjects", "BusinessObjects\BusinessObjects.csproj", "{D5754752-8C55-442C-8BE0-CEBAC53EC4A4}"
EndProject
Project("{FAE04EC0-301F-11D3-BF4B-00C04F79EFBC}") = "Repositories", "Repository\Repositories.csproj", "{02D23477-9135-42E5-A936-DE5E80DE9484}"
EndProject
Project("{FAE04EC0-301F-11D3-BF4B-00C04F79EFBC}") = "Services", "Services\Services.csproj", "{B71271F5-894E-48F0-8040-FE27059C8F52}"
EndProject
Project("{FAE04EC0-301F-11D3-BF4B-00C04F79EFBC}") = "WebUI", "WebUI\WebUI.csproj", "{64F005E1-3569-4DAC-A4AB-D01FD3B1154D}"
EndProject
Project("{FAE04EC0-301F-11D3-BF4B-00C04F79EFBC}") = "DataAccessObject", "DataAccessObject\DataAccessObject.csproj", "{D6DFA9AD-DD6F-44BA-AFDC-7A746C8EC76F}"
EndProject
Global
	GlobalSection(SolutionConfigurationPlatforms) = preSolution
		Debug|Any CPU = Debug|Any CPU
		Release|Any CPU = Release|Any CPU
	EndGlobalSection
	GlobalSection(ProjectConfigurationPlatforms) = postSolution
		{D5754752-8C55-442C-8BE0-CEBAC53EC4A4}.Debug|Any CPU.ActiveCfg = Debug|Any CPU
		{D5754752-8C55-442C-8BE0-CEBAC53EC4A4}.Debug|Any CPU.Build.0 = Debug|Any CPU
		{D5754752-8C55-442C-8BE0-CEBAC53EC4A4}.Release|Any CPU.ActiveCfg = Release|Any CPU
		{D5754752-8C55-442C-8BE0-CEBAC53EC4A4}.Release|Any CPU.Build.0 = Release|Any CPU
		{02D23477-9135-42E5-A936-DE5E80DE9484}.Debug|Any CPU.ActiveCfg = Debug|Any CPU
		{02D23477-9135-42E5-A936-DE5E80DE9484}.Debug|Any CPU.Build.0 = Debug|Any CPU
		{02D23477-9135-42E5-A936-DE5E80DE9484}.Release|Any CPU.ActiveCfg = Release|Any CPU
		{02D23477-9135-42E5-A936-DE5E80DE9484}.Release|Any CPU.Build.0 = Release|Any CPU
		{B71271F5-894E-48F0-8040-FE27059C8F52}.Debug|Any CPU.ActiveCfg = Debug|Any CPU
		{B71271F5-894E-48F0-8040-FE27059C8F52}.Debug|Any CPU.Build.0 = Debug|Any CPU
		{B71271F5-894E-48F0-8040-FE27059C8F52}.Release|Any CPU.ActiveCfg = Release|Any CPU
		{B71271F5-894E-48F0-8040-FE27059C8F52}.Release|Any CPU.Build.0 = Release|Any CPU
		{64F005E1-3569-4DAC-A4AB-D01FD3B1154D}.Debug|Any CPU.ActiveCfg = Debug|Any CPU
		{64F005E1-3569-4DAC-A4AB-D01FD3B1154D}.Debug|Any CPU.Build.0 = Debug|Any CPU
		{64F005E1-3569-4DAC-A4AB-D01FD3B1154D}.Release|Any CPU.ActiveCfg = Release|Any CPU
		{64F005E1-3569-4DAC-A4AB-D01FD3B1154D}.Release|Any CPU.Build.0 = Release|Any CPU
		{D6DFA9AD-DD6F-44BA-AFDC-7A746C8EC76F}.Debug|Any CPU.ActiveCfg = Debug|Any CPU
		{D6DFA9AD-DD6F-44BA-AFDC-7A746C8EC76F}.Debug|Any CPU.Build.0 = Debug|Any CPU
		{D6DFA9AD-DD6F-44BA-AFDC-7A746C8EC76F}.Release|Any CPU.ActiveCfg = Release|Any CPU
		{D6DFA9AD-DD6F-44BA-AFDC-7A746C8EC76F}.Release|Any CPU.Build.0 = Release|Any CPU
	EndGlobalSection
	GlobalSection(SolutionProperties) = preSolution
		HideSolutionNode = FALSE
	EndGlobalSection
	GlobalSection(ExtensibilityGlobals) = postSolution
		SolutionGuid = {67B12D94-8F82-4444-BC70-BBCE9B51D6A0}
	EndGlobalSection
EndGlobal
